
Microsoft Visual Studio Solution File, Format Version 12.00
# Visual Studio 15
VisualStudioVersion = 15.0.28010.2026
MinimumVisualStudioVersion = 10.0.40219.1
Project("{FAE04EC0-301F-11D3-BF4B-00C04F79EFBC}") = "AppProject.Android", "AppProject\AppProject.Android\AppProject.Android.csproj", "{3FF2DD84-6DD6-4029-BAEB-F6A20975C133}"
EndProject
Project("{FAE04EC0-301F-11D3-BF4B-00C04F79EFBC}") = "AppProject.iOS", "AppProject\AppProject.iOS\AppProject.iOS.csproj", "{328DA6AD-8B3C-4056-8220-31041D79E165}"
EndProject
Project("{FAE04EC0-301F-11D3-BF4B-00C04F79EFBC}") = "AppProject.UWP", "AppProject\AppProject.UWP\AppProject.UWP.csproj", "{6216704C-331D-4081-937B-071385D0DC2E}"
EndProject
Project("{9A19103F-16F7-4668-BE54-9A1E7A4F7556}") = "AppProject", "AppProject\AppProject\AppProject.csproj", "{607293A6-D269-4941-9FD3-8604778E4EC8}"
EndProject
Global
	GlobalSection(SolutionConfigurationPlatforms) = preSolution
		Ad-Hoc|Any CPU = Ad-Hoc|Any CPU
		Ad-Hoc|ARM = Ad-Hoc|ARM
		Ad-Hoc|iPhone = Ad-Hoc|iPhone
		Ad-Hoc|iPhoneSimulator = Ad-Hoc|iPhoneSimulator
		Ad-Hoc|x64 = Ad-Hoc|x64
		Ad-Hoc|x86 = Ad-Hoc|x86
		AppStore|Any CPU = AppStore|Any CPU
		AppStore|ARM = AppStore|ARM
		AppStore|iPhone = AppStore|iPhone
		AppStore|iPhoneSimulator = AppStore|iPhoneSimulator
		AppStore|x64 = AppStore|x64
		AppStore|x86 = AppStore|x86
		Debug|Any CPU = Debug|Any CPU
		Debug|ARM = Debug|ARM
		Debug|iPhone = Debug|iPhone
		Debug|iPhoneSimulator = Debug|iPhoneSimulator
		Debug|x64 = Debug|x64
		Debug|x86 = Debug|x86
		Release|Any CPU = Release|Any CPU
		Release|ARM = Release|ARM
		Release|iPhone = Release|iPhone
		Release|iPhoneSimulator = Release|iPhoneSimulator
		Release|x64 = Release|x64
		Release|x86 = Release|x86
	EndGlobalSection
	GlobalSection(ProjectConfigurationPlatforms) = postSolution
		{3FF2DD84-6DD6-4029-BAEB-F6A20975C133}.Ad-Hoc|Any CPU.ActiveCfg = Release|Any CPU
		{3FF2DD84-6DD6-4029-BAEB-F6A20975C133}.Ad-Hoc|Any CPU.Build.0 = Release|Any CPU
		{3FF2DD84-6DD6-4029-BAEB-F6A20975C133}.Ad-Hoc|Any CPU.Deploy.0 = Release|Any CPU
		{3FF2DD84-6DD6-4029-BAEB-F6A20975C133}.Ad-Hoc|ARM.ActiveCfg = Release|Any CPU
		{3FF2DD84-6DD6-4029-BAEB-F6A20975C133}.Ad-Hoc|ARM.Build.0 = Release|Any CPU
		{3FF2DD84-6DD6-4029-BAEB-F6A20975C133}.Ad-Hoc|ARM.Deploy.0 = Release|Any CPU
		{3FF2DD84-6DD6-4029-BAEB-F6A20975C133}.Ad-Hoc|iPhone.ActiveCfg = Release|Any CPU
		{3FF2DD84-6DD6-4029-BAEB-F6A20975C133}.Ad-Hoc|iPhone.Build.0 = Release|Any CPU
		{3FF2DD84-6DD6-4029-BAEB-F6A20975C133}.Ad-Hoc|iPhone.Deploy.0 = Release|Any CPU
		{3FF2DD84-6DD6-4029-BAEB-F6A20975C133}.Ad-Hoc|iPhoneSimulator.ActiveCfg = Release|Any CPU
		{3FF2DD84-6DD6-4029-BAEB-F6A20975C133}.Ad-Hoc|iPhoneSimulator.Build.0 = Release|Any CPU
		{3FF2DD84-6DD6-4029-BAEB-F6A20975C133}.Ad-Hoc|iPhoneSimulator.Deploy.0 = Release|Any CPU
		{3FF2DD84-6DD6-4029-BAEB-F6A20975C133}.Ad-Hoc|x64.ActiveCfg = Release|Any CPU
		{3FF2DD84-6DD6-4029-BAEB-F6A20975C133}.Ad-Hoc|x64.Build.0 = Release|Any CPU
		{3FF2DD84-6DD6-4029-BAEB-F6A20975C133}.Ad-Hoc|x64.Deploy.0 = Release|Any CPU
		{3FF2DD84-6DD6-4029-BAEB-F6A20975C133}.Ad-Hoc|x86.ActiveCfg = Release|Any CPU
		{3FF2DD84-6DD6-4029-BAEB-F6A20975C133}.Ad-Hoc|x86.Build.0 = Release|Any CPU
		{3FF2DD84-6DD6-4029-BAEB-F6A20975C133}.Ad-Hoc|x86.Deploy.0 = Release|Any CPU
		{3FF2DD84-6DD6-4029-BAEB-F6A20975C133}.AppStore|Any CPU.ActiveCfg = Release|Any CPU
		{3FF2DD84-6DD6-4029-BAEB-F6A20975C133}.AppStore|Any CPU.Build.0 = Release|Any CPU
		{3FF2DD84-6DD6-4029-BAEB-F6A20975C133}.AppStore|Any CPU.Deploy.0 = Release|Any CPU
		{3FF2DD84-6DD6-4029-BAEB-F6A20975C133}.AppStore|ARM.ActiveCfg = Release|Any CPU
		{3FF2DD84-6DD6-4029-BAEB-F6A20975C133}.AppStore|ARM.Build.0 = Release|Any CPU
		{3FF2DD84-6DD6-4029-BAEB-F6A20975C133}.AppStore|ARM.Deploy.0 = Release|Any CPU
		{3FF2DD84-6DD6-4029-BAEB-F6A20975C133}.AppStore|iPhone.ActiveCfg = Release|Any CPU
		{3FF2DD84-6DD6-4029-BAEB-F6A20975C133}.AppStore|iPhone.Build.0 = Release|Any CPU
		{3FF2DD84-6DD6-4029-BAEB-F6A20975C133}.AppStore|iPhone.Deploy.0 = Release|Any CPU
		{3FF2DD84-6DD6-4029-BAEB-F6A20975C133}.AppStore|iPhoneSimulator.ActiveCfg = Release|Any CPU
		{3FF2DD84-6DD6-4029-BAEB-F6A20975C133}.AppStore|iPhoneSimulator.Build.0 = Release|Any CPU
		{3FF2DD84-6DD6-4029-BAEB-F6A20975C133}.AppStore|iPhoneSimulator.Deploy.0 = Release|Any CPU
		{3FF2DD84-6DD6-4029-BAEB-F6A20975C133}.AppStore|x64.ActiveCfg = Release|Any CPU
		{3FF2DD84-6DD6-4029-BAEB-F6A20975C133}.AppStore|x64.Build.0 = Release|Any CPU
		{3FF2DD84-6DD6-4029-BAEB-F6A20975C133}.AppStore|x64.Deploy.0 = Release|Any CPU
		{3FF2DD84-6DD6-4029-BAEB-F6A20975C133}.AppStore|x86.ActiveCfg = Release|Any CPU
		{3FF2DD84-6DD6-4029-BAEB-F6A20975C133}.AppStore|x86.Build.0 = Release|Any CPU
		{3FF2DD84-6DD6-4029-BAEB-F6A20975C133}.AppStore|x86.Deploy.0 = Release|Any CPU
		{3FF2DD84-6DD6-4029-BAEB-F6A20975C133}.Debug|Any CPU.ActiveCfg = Debug|Any CPU
		{3FF2DD84-6DD6-4029-BAEB-F6A20975C133}.Debug|Any CPU.Build.0 = Debug|Any CPU
		{3FF2DD84-6DD6-4029-BAEB-F6A20975C133}.Debug|Any CPU.Deploy.0 = Debug|Any CPU
		{3FF2DD84-6DD6-4029-BAEB-F6A20975C133}.Debug|ARM.ActiveCfg = Debug|Any CPU
		{3FF2DD84-6DD6-4029-BAEB-F6A20975C133}.Debug|ARM.Build.0 = Debug|Any CPU
		{3FF2DD84-6DD6-4029-BAEB-F6A20975C133}.Debug|ARM.Deploy.0 = Debug|Any CPU
		{3FF2DD84-6DD6-4029-BAEB-F6A20975C133}.Debug|iPhone.ActiveCfg = Debug|Any CPU
		{3FF2DD84-6DD6-4029-BAEB-F6A20975C133}.Debug|iPhone.Build.0 = Debug|Any CPU
		{3FF2DD84-6DD6-4029-BAEB-F6A20975C133}.Debug|iPhone.Deploy.0 = Debug|Any CPU
		{3FF2DD84-6DD6-4029-BAEB-F6A20975C133}.Debug|iPhoneSimulator.ActiveCfg = Debug|Any CPU
		{3FF2DD84-6DD6-4029-BAEB-F6A20975C133}.Debug|iPhoneSimulator.Build.0 = Debug|Any CPU
		{3FF2DD84-6DD6-4029-BAEB-F6A20975C133}.Debug|iPhoneSimulator.Deploy.0 = Debug|Any CPU
		{3FF2DD84-6DD6-4029-BAEB-F6A20975C133}.Debug|x64.ActiveCfg = Debug|Any CPU
		{3FF2DD84-6DD6-4029-BAEB-F6A20975C133}.Debug|x64.Build.0 = Debug|Any CPU
		{3FF2DD84-6DD6-4029-BAEB-F6A20975C133}.Debug|x64.Deploy.0 = Debug|Any CPU
		{3FF2DD84-6DD6-4029-BAEB-F6A20975C133}.Debug|x86.ActiveCfg = Debug|Any CPU
		{3FF2DD84-6DD6-4029-BAEB-F6A20975C133}.Debug|x86.Build.0 = Debug|Any CPU
		{3FF2DD84-6DD6-4029-BAEB-F6A20975C133}.Debug|x86.Deploy.0 = Debug|Any CPU
		{3FF2DD84-6DD6-4029-BAEB-F6A20975C133}.Release|Any CPU.ActiveCfg = Release|Any CPU
		{3FF2DD84-6DD6-4029-BAEB-F6A20975C133}.Release|Any CPU.Build.0 = Release|Any CPU
		{3FF2DD84-6DD6-4029-BAEB-F6A20975C133}.Release|Any CPU.Deploy.0 = Release|Any CPU
		{3FF2DD84-6DD6-4029-BAEB-F6A20975C133}.Release|ARM.ActiveCfg = Release|Any CPU
		{3FF2DD84-6DD6-4029-BAEB-F6A20975C133}.Release|ARM.Build.0 = Release|Any CPU
		{3FF2DD84-6DD6-4029-BAEB-F6A20975C133}.Release|ARM.Deploy.0 = Release|Any CPU
		{3FF2DD84-6DD6-4029-BAEB-F6A20975C133}.Release|iPhone.ActiveCfg = Release|Any CPU
		{3FF2DD84-6DD6-4029-BAEB-F6A20975C133}.Release|iPhone.Build.0 = Release|Any CPU
		{3FF2DD84-6DD6-4029-BAEB-F6A20975C133}.Release|iPhone.Deploy.0 = Release|Any CPU
		{3FF2DD84-6DD6-4029-BAEB-F6A20975C133}.Release|iPhoneSimulator.ActiveCfg = Release|Any CPU
		{3FF2DD84-6DD6-4029-BAEB-F6A20975C133}.Release|iPhoneSimulator.Build.0 = Release|Any CPU
		{3FF2DD84-6DD6-4029-BAEB-F6A20975C133}.Release|iPhoneSimulator.Deploy.0 = Release|Any CPU
		{3FF2DD84-6DD6-4029-BAEB-F6A20975C133}.Release|x64.ActiveCfg = Release|Any CPU
		{3FF2DD84-6DD6-4029-BAEB-F6A20975C133}.Release|x64.Build.0 = Release|Any CPU
		{3FF2DD84-6DD6-4029-BAEB-F6A20975C133}.Release|x64.Deploy.0 = Release|Any CPU
		{3FF2DD84-6DD6-4029-BAEB-F6A20975C133}.Release|x86.ActiveCfg = Release|Any CPU
		{3FF2DD84-6DD6-4029-BAEB-F6A20975C133}.Release|x86.Build.0 = Release|Any CPU
		{3FF2DD84-6DD6-4029-BAEB-F6A20975C133}.Release|x86.Deploy.0 = Release|Any CPU
		{328DA6AD-8B3C-4056-8220-31041D79E165}.Ad-Hoc|Any CPU.ActiveCfg = Ad-Hoc|iPhone
		{328DA6AD-8B3C-4056-8220-31041D79E165}.Ad-Hoc|Any CPU.Build.0 = Ad-Hoc|iPhone
		{328DA6AD-8B3C-4056-8220-31041D79E165}.Ad-Hoc|Any CPU.Deploy.0 = Ad-Hoc|iPhone
		{328DA6AD-8B3C-4056-8220-31041D79E165}.Ad-Hoc|ARM.ActiveCfg = Ad-Hoc|iPhone
		{328DA6AD-8B3C-4056-8220-31041D79E165}.Ad-Hoc|ARM.Build.0 = Ad-Hoc|iPhone
		{328DA6AD-8B3C-4056-8220-31041D79E165}.Ad-Hoc|ARM.Deploy.0 = Ad-Hoc|iPhone
		{328DA6AD-8B3C-4056-8220-31041D79E165}.Ad-Hoc|iPhone.ActiveCfg = Ad-Hoc|iPhone
		{328DA6AD-8B3C-4056-8220-31041D79E165}.Ad-Hoc|iPhone.Build.0 = Ad-Hoc|iPhone
		{328DA6AD-8B3C-4056-8220-31041D79E165}.Ad-Hoc|iPhone.Deploy.0 = Ad-Hoc|iPhone
		{328DA6AD-8B3C-4056-8220-31041D79E165}.Ad-Hoc|iPhoneSimulator.ActiveCfg = Ad-Hoc|iPhoneSimulator
		{328DA6AD-8B3C-4056-8220-31041D79E165}.Ad-Hoc|iPhoneSimulator.Build.0 = Ad-Hoc|iPhoneSimulator
		{328DA6AD-8B3C-4056-8220-31041D79E165}.Ad-Hoc|iPhoneSimulator.Deploy.0 = Ad-Hoc|iPhoneSimulator
		{328DA6AD-8B3C-4056-8220-31041D79E165}.Ad-Hoc|x64.ActiveCfg = Ad-Hoc|iPhone
		{328DA6AD-8B3C-4056-8220-31041D79E165}.Ad-Hoc|x64.Build.0 = Ad-Hoc|iPhone
		{328DA6AD-8B3C-4056-8220-31041D79E165}.Ad-Hoc|x64.Deploy.0 = Ad-Hoc|iPhone
		{328DA6AD-8B3C-4056-8220-31041D79E165}.Ad-Hoc|x86.ActiveCfg = Ad-Hoc|iPhone
		{328DA6AD-8B3C-4056-8220-31041D79E165}.Ad-Hoc|x86.Build.0 = Ad-Hoc|iPhone
		{328DA6AD-8B3C-4056-8220-31041D79E165}.Ad-Hoc|x86.Deploy.0 = Ad-Hoc|iPhone
		{328DA6AD-8B3C-4056-8220-31041D79E165}.AppStore|Any CPU.ActiveCfg = AppStore|iPhone
		{328DA6AD-8B3C-4056-8220-31041D79E165}.AppStore|Any CPU.Build.0 = AppStore|iPhone
		{328DA6AD-8B3C-4056-8220-31041D79E165}.AppStore|Any CPU.Deploy.0 = AppStore|iPhone
		{328DA6AD-8B3C-4056-8220-31041D79E165}.AppStore|ARM.ActiveCfg = AppStore|iPhone
		{328DA6AD-8B3C-4056-8220-31041D79E165}.AppStore|ARM.Build.0 = AppStore|iPhone
		{328DA6AD-8B3C-4056-8220-31041D79E165}.AppStore|ARM.Deploy.0 = AppStore|iPhone
		{328DA6AD-8B3C-4056-8220-31041D79E165}.AppStore|iPhone.ActiveCfg = AppStore|iPhone
		{328DA6AD-8B3C-4056-8220-31041D79E165}.AppStore|iPhone.Build.0 = AppStore|iPhone
		{328DA6AD-8B3C-4056-8220-31041D79E165}.AppStore|iPhone.Deploy.0 = AppStore|iPhone
		{328DA6AD-8B3C-4056-8220-31041D79E165}.AppStore|iPhoneSimulator.ActiveCfg = AppStore|iPhoneSimulator
		{328DA6AD-8B3C-4056-8220-31041D79E165}.AppStore|iPhoneSimulator.Build.0 = AppStore|iPhoneSimulator
		{328DA6AD-8B3C-4056-8220-31041D79E165}.AppStore|iPhoneSimulator.Deploy.0 = AppStore|iPhoneSimulator
		{328DA6AD-8B3C-4056-8220-31041D79E165}.AppStore|x64.ActiveCfg = AppStore|iPhone
		{328DA6AD-8B3C-4056-8220-31041D79E165}.AppStore|x64.Build.0 = AppStore|iPhone
		{328DA6AD-8B3C-4056-8220-31041D79E165}.AppStore|x64.Deploy.0 = AppStore|iPhone
		{328DA6AD-8B3C-4056-8220-31041D79E165}.AppStore|x86.ActiveCfg = AppStore|iPhone
		{328DA6AD-8B3C-4056-8220-31041D79E165}.AppStore|x86.Build.0 = AppStore|iPhone
		{328DA6AD-8B3C-4056-8220-31041D79E165}.AppStore|x86.Deploy.0 = AppStore|iPhone
		{328DA6AD-8B3C-4056-8220-31041D79E165}.Debug|Any CPU.ActiveCfg = Debug|iPhoneSimulator
		{328DA6AD-8B3C-4056-8220-31041D79E165}.Debug|Any CPU.Build.0 = Debug|iPhoneSimulator
		{328DA6AD-8B3C-4056-8220-31041D79E165}.Debug|Any CPU.Deploy.0 = Debug|iPhoneSimulator
		{328DA6AD-8B3C-4056-8220-31041D79E165}.Debug|ARM.ActiveCfg = Debug|iPhoneSimulator
		{328DA6AD-8B3C-4056-8220-31041D79E165}.Debug|ARM.Build.0 = Debug|iPhoneSimulator
		{328DA6AD-8B3C-4056-8220-31041D79E165}.Debug|ARM.Deploy.0 = Debug|iPhoneSimulator
		{328DA6AD-8B3C-4056-8220-31041D79E165}.Debug|iPhone.ActiveCfg = Debug|iPhoneSimulator
		{328DA6AD-8B3C-4056-8220-31041D79E165}.Debug|iPhone.Build.0 = Debug|iPhoneSimulator
		{328DA6AD-8B3C-4056-8220-31041D79E165}.Debug|iPhone.Deploy.0 = Debug|iPhoneSimulator
		{328DA6AD-8B3C-4056-8220-31041D79E165}.Debug|iPhoneSimulator.ActiveCfg = Debug|iPhoneSimulator
		{328DA6AD-8B3C-4056-8220-31041D79E165}.Debug|iPhoneSimulator.Build.0 = Debug|iPhoneSimulator
		{328DA6AD-8B3C-4056-8220-31041D79E165}.Debug|iPhoneSimulator.Deploy.0 = Debug|iPhoneSimulator
		{328DA6AD-8B3C-4056-8220-31041D79E165}.Debug|x64.ActiveCfg = Debug|iPhoneSimulator
		{328DA6AD-8B3C-4056-8220-31041D79E165}.Debug|x64.Build.0 = Debug|iPhoneSimulator
		{328DA6AD-8B3C-4056-8220-31041D79E165}.Debug|x64.Deploy.0 = Debug|iPhoneSimulator
		{328DA6AD-8B3C-4056-8220-31041D79E165}.Debug|x86.ActiveCfg = Debug|iPhoneSimulator
		{328DA6AD-8B3C-4056-8220-31041D79E165}.Debug|x86.Build.0 = Debug|iPhoneSimulator
		{328DA6AD-8B3C-4056-8220-31041D79E165}.Debug|x86.Deploy.0 = Debug|iPhoneSimulator
		{328DA6AD-8B3C-4056-8220-31041D79E165}.Release|Any CPU.ActiveCfg = Release|iPhone
		{328DA6AD-8B3C-4056-8220-31041D79E165}.Release|Any CPU.Build.0 = Release|iPhone
		{328DA6AD-8B3C-4056-8220-31041D79E165}.Release|Any CPU.Deploy.0 = Release|iPhone
		{328DA6AD-8B3C-4056-8220-31041D79E165}.Release|ARM.ActiveCfg = Release|iPhone
		{328DA6AD-8B3C-4056-8220-31041D79E165}.Release|ARM.Build.0 = Release|iPhone
		{328DA6AD-8B3C-4056-8220-31041D79E165}.Release|ARM.Deploy.0 = Release|iPhone
		{328DA6AD-8B3C-4056-8220-31041D79E165}.Release|iPhone.ActiveCfg = Release|iPhone
		{328DA6AD-8B3C-4056-8220-31041D79E165}.Release|iPhone.Build.0 = Release|iPhone
		{328DA6AD-8B3C-4056-8220-31041D79E165}.Release|iPhone.Deploy.0 = Release|iPhone
		{328DA6AD-8B3C-4056-8220-31041D79E165}.Release|iPhoneSimulator.ActiveCfg = Release|iPhoneSimulator
		{328DA6AD-8B3C-4056-8220-31041D79E165}.Release|iPhoneSimulator.Build.0 = Release|iPhoneSimulator
		{328DA6AD-8B3C-4056-8220-31041D79E165}.Release|iPhoneSimulator.Deploy.0 = Release|iPhoneSimulator
		{328DA6AD-8B3C-4056-8220-31041D79E165}.Release|x64.ActiveCfg = Release|iPhone
		{328DA6AD-8B3C-4056-8220-31041D79E165}.Release|x64.Build.0 = Release|iPhone
		{328DA6AD-8B3C-4056-8220-31041D79E165}.Release|x64.Deploy.0 = Release|iPhone
		{328DA6AD-8B3C-4056-8220-31041D79E165}.Release|x86.ActiveCfg = Release|iPhone
		{328DA6AD-8B3C-4056-8220-31041D79E165}.Release|x86.Build.0 = Release|iPhone
		{328DA6AD-8B3C-4056-8220-31041D79E165}.Release|x86.Deploy.0 = Release|iPhone
		{6216704C-331D-4081-937B-071385D0DC2E}.Ad-Hoc|Any CPU.ActiveCfg = Release|x86
		{6216704C-331D-4081-937B-071385D0DC2E}.Ad-Hoc|Any CPU.Build.0 = Release|x86
		{6216704C-331D-4081-937B-071385D0DC2E}.Ad-Hoc|Any CPU.Deploy.0 = Release|x86
		{6216704C-331D-4081-937B-071385D0DC2E}.Ad-Hoc|ARM.ActiveCfg = Release|ARM
		{6216704C-331D-4081-937B-071385D0DC2E}.Ad-Hoc|ARM.Build.0 = Release|ARM
		{6216704C-331D-4081-937B-071385D0DC2E}.Ad-Hoc|ARM.Deploy.0 = Release|ARM
		{6216704C-331D-4081-937B-071385D0DC2E}.Ad-Hoc|iPhone.ActiveCfg = Release|x86
		{6216704C-331D-4081-937B-071385D0DC2E}.Ad-Hoc|iPhone.Build.0 = Release|x86
		{6216704C-331D-4081-937B-071385D0DC2E}.Ad-Hoc|iPhone.Deploy.0 = Release|x86
		{6216704C-331D-4081-937B-071385D0DC2E}.Ad-Hoc|iPhoneSimulator.ActiveCfg = Release|x86
		{6216704C-331D-4081-937B-071385D0DC2E}.Ad-Hoc|iPhoneSimulator.Build.0 = Release|x86
		{6216704C-331D-4081-937B-071385D0DC2E}.Ad-Hoc|iPhoneSimulator.Deploy.0 = Release|x86
		{6216704C-331D-4081-937B-071385D0DC2E}.Ad-Hoc|x64.ActiveCfg = Release|x64
		{6216704C-331D-4081-937B-071385D0DC2E}.Ad-Hoc|x64.Build.0 = Release|x64
		{6216704C-331D-4081-937B-071385D0DC2E}.Ad-Hoc|x64.Deploy.0 = Release|x64
		{6216704C-331D-4081-937B-071385D0DC2E}.Ad-Hoc|x86.ActiveCfg = Release|x86
		{6216704C-331D-4081-937B-071385D0DC2E}.Ad-Hoc|x86.Build.0 = Release|x86
		{6216704C-331D-4081-937B-071385D0DC2E}.Ad-Hoc|x86.Deploy.0 = Release|x86
		{6216704C-331D-4081-937B-071385D0DC2E}.AppStore|Any CPU.ActiveCfg = Release|x86
		{6216704C-331D-4081-937B-071385D0DC2E}.AppStore|Any CPU.Build.0 = Release|x86
		{6216704C-331D-4081-937B-071385D0DC2E}.AppStore|Any CPU.Deploy.0 = Release|x86
		{6216704C-331D-4081-937B-071385D0DC2E}.AppStore|ARM.ActiveCfg = Release|ARM
		{6216704C-331D-4081-937B-071385D0DC2E}.AppStore|ARM.Build.0 = Release|ARM
		{6216704C-331D-4081-937B-071385D0DC2E}.AppStore|ARM.Deploy.0 = Release|ARM
		{6216704C-331D-4081-937B-071385D0DC2E}.AppStore|iPhone.ActiveCfg = Release|x86
		{6216704C-331D-4081-937B-071385D0DC2E}.AppStore|iPhone.Build.0 = Release|x86
		{6216704C-331D-4081-937B-071385D0DC2E}.AppStore|iPhone.Deploy.0 = Release|x86
		{6216704C-331D-4081-937B-071385D0DC2E}.AppStore|iPhoneSimulator.ActiveCfg = Release|x86
		{6216704C-331D-4081-937B-071385D0DC2E}.AppStore|iPhoneSimulator.Build.0 = Release|x86
		{6216704C-331D-4081-937B-071385D0DC2E}.AppStore|iPhoneSimulator.Deploy.0 = Release|x86
		{6216704C-331D-4081-937B-071385D0DC2E}.AppStore|x64.ActiveCfg = Release|x64
		{6216704C-331D-4081-937B-071385D0DC2E}.AppStore|x64.Build.0 = Release|x64
		{6216704C-331D-4081-937B-071385D0DC2E}.AppStore|x64.Deploy.0 = Release|x64
		{6216704C-331D-4081-937B-071385D0DC2E}.AppStore|x86.ActiveCfg = Release|x86
		{6216704C-331D-4081-937B-071385D0DC2E}.AppStore|x86.Build.0 = Release|x86
		{6216704C-331D-4081-937B-071385D0DC2E}.AppStore|x86.Deploy.0 = Release|x86
		{6216704C-331D-4081-937B-071385D0DC2E}.Debug|Any CPU.ActiveCfg = Debug|x86
		{6216704C-331D-4081-937B-071385D0DC2E}.Debug|Any CPU.Build.0 = Debug|x86
		{6216704C-331D-4081-937B-071385D0DC2E}.Debug|Any CPU.Deploy.0 = Debug|x86
		{6216704C-331D-4081-937B-071385D0DC2E}.Debug|ARM.ActiveCfg = Debug|x86
		{6216704C-331D-4081-937B-071385D0DC2E}.Debug|ARM.Build.0 = Debug|x86
		{6216704C-331D-4081-937B-071385D0DC2E}.Debug|ARM.Deploy.0 = Debug|x86
		{6216704C-331D-4081-937B-071385D0DC2E}.Debug|iPhone.ActiveCfg = Debug|x86
		{6216704C-331D-4081-937B-071385D0DC2E}.Debug|iPhone.Build.0 = Debug|x86
		{6216704C-331D-4081-937B-071385D0DC2E}.Debug|iPhone.Deploy.0 = Debug|x86
		{6216704C-331D-4081-937B-071385D0DC2E}.Debug|iPhoneSimulator.ActiveCfg = Debug|x86
		{6216704C-331D-4081-937B-071385D0DC2E}.Debug|iPhoneSimulator.Build.0 = Debug|x86
		{6216704C-331D-4081-937B-071385D0DC2E}.Debug|iPhoneSimulator.Deploy.0 = Debug|x86
		{6216704C-331D-4081-937B-071385D0DC2E}.Debug|x64.ActiveCfg = Debug|x86
		{6216704C-331D-4081-937B-071385D0DC2E}.Debug|x64.Build.0 = Debug|x86
		{6216704C-331D-4081-937B-071385D0DC2E}.Debug|x64.Deploy.0 = Debug|x86
		{6216704C-331D-4081-937B-071385D0DC2E}.Debug|x86.ActiveCfg = Debug|x86
		{6216704C-331D-4081-937B-071385D0DC2E}.Debug|x86.Build.0 = Debug|x86
		{6216704C-331D-4081-937B-071385D0DC2E}.Debug|x86.Deploy.0 = Debug|x86
		{6216704C-331D-4081-937B-071385D0DC2E}.Release|Any CPU.ActiveCfg = Release|x86
		{6216704C-331D-4081-937B-071385D0DC2E}.Release|Any CPU.Build.0 = Release|x86
		{6216704C-331D-4081-937B-071385D0DC2E}.Release|Any CPU.Deploy.0 = Release|x86
		{6216704C-331D-4081-937B-071385D0DC2E}.Release|ARM.ActiveCfg = Release|ARM
		{6216704C-331D-4081-937B-071385D0DC2E}.Release|ARM.Build.0 = Release|ARM
		{6216704C-331D-4081-937B-071385D0DC2E}.Release|ARM.Deploy.0 = Release|ARM
		{6216704C-331D-4081-937B-071385D0DC2E}.Release|iPhone.ActiveCfg = Release|x86
		{6216704C-331D-4081-937B-071385D0DC2E}.Release|iPhone.Build.0 = Release|x86
		{6216704C-331D-4081-937B-071385D0DC2E}.Release|iPhone.Deploy.0 = Release|x86
		{6216704C-331D-4081-937B-071385D0DC2E}.Release|iPhoneSimulator.ActiveCfg = Release|x86
		{6216704C-331D-4081-937B-071385D0DC2E}.Release|iPhoneSimulator.Build.0 = Release|x86
		{6216704C-331D-4081-937B-071385D0DC2E}.Release|iPhoneSimulator.Deploy.0 = Release|x86
		{6216704C-331D-4081-937B-071385D0DC2E}.Release|x64.ActiveCfg = Release|x64
		{6216704C-331D-4081-937B-071385D0DC2E}.Release|x64.Build.0 = Release|x64
		{6216704C-331D-4081-937B-071385D0DC2E}.Release|x64.Deploy.0 = Release|x64
		{6216704C-331D-4081-937B-071385D0DC2E}.Release|x86.ActiveCfg = Release|x86
		{6216704C-331D-4081-937B-071385D0DC2E}.Release|x86.Build.0 = Release|x86
		{6216704C-331D-4081-937B-071385D0DC2E}.Release|x86.Deploy.0 = Release|x86
		{607293A6-D269-4941-9FD3-8604778E4EC8}.Ad-Hoc|Any CPU.ActiveCfg = Debug|Any CPU
		{607293A6-D269-4941-9FD3-8604778E4EC8}.Ad-Hoc|Any CPU.Build.0 = Debug|Any CPU
		{607293A6-D269-4941-9FD3-8604778E4EC8}.Ad-Hoc|Any CPU.Deploy.0 = Debug|Any CPU
		{607293A6-D269-4941-9FD3-8604778E4EC8}.Ad-Hoc|ARM.ActiveCfg = Debug|Any CPU
		{607293A6-D269-4941-9FD3-8604778E4EC8}.Ad-Hoc|ARM.Build.0 = Debug|Any CPU
		{607293A6-D269-4941-9FD3-8604778E4EC8}.Ad-Hoc|ARM.Deploy.0 = Debug|Any CPU
		{607293A6-D269-4941-9FD3-8604778E4EC8}.Ad-Hoc|iPhone.ActiveCfg = Debug|Any CPU
		{607293A6-D269-4941-9FD3-8604778E4EC8}.Ad-Hoc|iPhone.Build.0 = Debug|Any CPU
		{607293A6-D269-4941-9FD3-8604778E4EC8}.Ad-Hoc|iPhone.Deploy.0 = Debug|Any CPU
		{607293A6-D269-4941-9FD3-8604778E4EC8}.Ad-Hoc|iPhoneSimulator.ActiveCfg = Debug|Any CPU
		{607293A6-D269-4941-9FD3-8604778E4EC8}.Ad-Hoc|iPhoneSimulator.Build.0 = Debug|Any CPU
		{607293A6-D269-4941-9FD3-8604778E4EC8}.Ad-Hoc|iPhoneSimulator.Deploy.0 = Debug|Any CPU
		{607293A6-D269-4941-9FD3-8604778E4EC8}.Ad-Hoc|x64.ActiveCfg = Debug|Any CPU
		{607293A6-D269-4941-9FD3-8604778E4EC8}.Ad-Hoc|x64.Build.0 = Debug|Any CPU
		{607293A6-D269-4941-9FD3-8604778E4EC8}.Ad-Hoc|x64.Deploy.0 = Debug|Any CPU
		{607293A6-D269-4941-9FD3-8604778E4EC8}.Ad-Hoc|x86.ActiveCfg = Debug|Any CPU
		{607293A6-D269-4941-9FD3-8604778E4EC8}.Ad-Hoc|x86.Build.0 = Debug|Any CPU
		{607293A6-D269-4941-9FD3-8604778E4EC8}.Ad-Hoc|x86.Deploy.0 = Debug|Any CPU
		{607293A6-D269-4941-9FD3-8604778E4EC8}.AppStore|Any CPU.ActiveCfg = Debug|Any CPU
		{607293A6-D269-4941-9FD3-8604778E4EC8}.AppStore|Any CPU.Build.0 = Debug|Any CPU
		{607293A6-D269-4941-9FD3-8604778E4EC8}.AppStore|Any CPU.Deploy.0 = Debug|Any CPU
		{607293A6-D269-4941-9FD3-8604778E4EC8}.AppStore|ARM.ActiveCfg = Debug|Any CPU
		{607293A6-D269-4941-9FD3-8604778E4EC8}.AppStore|ARM.Build.0 = Debug|Any CPU
		{607293A6-D269-4941-9FD3-8604778E4EC8}.AppStore|ARM.Deploy.0 = Debug|Any CPU
		{607293A6-D269-4941-9FD3-8604778E4EC8}.AppStore|iPhone.ActiveCfg = Debug|Any CPU
		{607293A6-D269-4941-9FD3-8604778E4EC8}.AppStore|iPhone.Build.0 = Debug|Any CPU
		{607293A6-D269-4941-9FD3-8604778E4EC8}.AppStore|iPhone.Deploy.0 = Debug|Any CPU
		{607293A6-D269-4941-9FD3-8604778E4EC8}.AppStore|iPhoneSimulator.ActiveCfg = Debug|Any CPU
		{607293A6-D269-4941-9FD3-8604778E4EC8}.AppStore|iPhoneSimulator.Build.0 = Debug|Any CPU
		{607293A6-D269-4941-9FD3-8604778E4EC8}.AppStore|iPhoneSimulator.Deploy.0 = Debug|Any CPU
		{607293A6-D269-4941-9FD3-8604778E4EC8}.AppStore|x64.ActiveCfg = Debug|Any CPU
		{607293A6-D269-4941-9FD3-8604778E4EC8}.AppStore|x64.Build.0 = Debug|Any CPU
		{607293A6-D269-4941-9FD3-8604778E4EC8}.AppStore|x64.Deploy.0 = Debug|Any CPU
		{607293A6-D269-4941-9FD3-8604778E4EC8}.AppStore|x86.ActiveCfg = Debug|Any CPU
		{607293A6-D269-4941-9FD3-8604778E4EC8}.AppStore|x86.Build.0 = Debug|Any CPU
		{607293A6-D269-4941-9FD3-8604778E4EC8}.AppStore|x86.Deploy.0 = Debug|Any CPU
		{607293A6-D269-4941-9FD3-8604778E4EC8}.Debug|Any CPU.ActiveCfg = Debug|Any CPU
		{607293A6-D269-4941-9FD3-8604778E4EC8}.Debug|Any CPU.Build.0 = Debug|Any CPU
		{607293A6-D269-4941-9FD3-8604778E4EC8}.Debug|Any CPU.Deploy.0 = Debug|Any CPU
		{607293A6-D269-4941-9FD3-8604778E4EC8}.Debug|ARM.ActiveCfg = Debug|Any CPU
		{607293A6-D269-4941-9FD3-8604778E4EC8}.Debug|ARM.Build.0 = Debug|Any CPU
		{607293A6-D269-4941-9FD3-8604778E4EC8}.Debug|ARM.Deploy.0 = Debug|Any CPU
		{607293A6-D269-4941-9FD3-8604778E4EC8}.Debug|iPhone.ActiveCfg = Debug|Any CPU
		{607293A6-D269-4941-9FD3-8604778E4EC8}.Debug|iPhone.Build.0 = Debug|Any CPU
		{607293A6-D269-4941-9FD3-8604778E4EC8}.Debug|iPhone.Deploy.0 = Debug|Any CPU
		{607293A6-D269-4941-9FD3-8604778E4EC8}.Debug|iPhoneSimulator.ActiveCfg = Debug|Any CPU
		{607293A6-D269-4941-9FD3-8604778E4EC8}.Debug|iPhoneSimulator.Build.0 = Debug|Any CPU
		{607293A6-D269-4941-9FD3-8604778E4EC8}.Debug|iPhoneSimulator.Deploy.0 = Debug|Any CPU
		{607293A6-D269-4941-9FD3-8604778E4EC8}.Debug|x64.ActiveCfg = Debug|Any CPU
		{607293A6-D269-4941-9FD3-8604778E4EC8}.Debug|x64.Build.0 = Debug|Any CPU
		{607293A6-D269-4941-9FD3-8604778E4EC8}.Debug|x64.Deploy.0 = Debug|Any CPU
		{607293A6-D269-4941-9FD3-8604778E4EC8}.Debug|x86.ActiveCfg = Debug|Any CPU
		{607293A6-D269-4941-9FD3-8604778E4EC8}.Debug|x86.Build.0 = Debug|Any CPU
		{607293A6-D269-4941-9FD3-8604778E4EC8}.Debug|x86.Deploy.0 = Debug|Any CPU
		{607293A6-D269-4941-9FD3-8604778E4EC8}.Release|Any CPU.ActiveCfg = Release|Any CPU
		{607293A6-D269-4941-9FD3-8604778E4EC8}.Release|Any CPU.Build.0 = Release|Any CPU
		{607293A6-D269-4941-9FD3-8604778E4EC8}.Release|Any CPU.Deploy.0 = Release|Any CPU
		{607293A6-D269-4941-9FD3-8604778E4EC8}.Release|ARM.ActiveCfg = Release|Any CPU
		{607293A6-D269-4941-9FD3-8604778E4EC8}.Release|ARM.Build.0 = Release|Any CPU
		{607293A6-D269-4941-9FD3-8604778E4EC8}.Release|ARM.Deploy.0 = Release|Any CPU
		{607293A6-D269-4941-9FD3-8604778E4EC8}.Release|iPhone.ActiveCfg = Release|Any CPU
		{607293A6-D269-4941-9FD3-8604778E4EC8}.Release|iPhone.Build.0 = Release|Any CPU
		{607293A6-D269-4941-9FD3-8604778E4EC8}.Release|iPhone.Deploy.0 = Release|Any CPU
		{607293A6-D269-4941-9FD3-8604778E4EC8}.Release|iPhoneSimulator.ActiveCfg = Release|Any CPU
		{607293A6-D269-4941-9FD3-8604778E4EC8}.Release|iPhoneSimulator.Build.0 = Release|Any CPU
		{607293A6-D269-4941-9FD3-8604778E4EC8}.Release|iPhoneSimulator.Deploy.0 = Release|Any CPU
		{607293A6-D269-4941-9FD3-8604778E4EC8}.Release|x64.ActiveCfg = Release|Any CPU
		{607293A6-D269-4941-9FD3-8604778E4EC8}.Release|x64.Build.0 = Release|Any CPU
		{607293A6-D269-4941-9FD3-8604778E4EC8}.Release|x64.Deploy.0 = Release|Any CPU
		{607293A6-D269-4941-9FD3-8604778E4EC8}.Release|x86.ActiveCfg = Release|Any CPU
		{607293A6-D269-4941-9FD3-8604778E4EC8}.Release|x86.Build.0 = Release|Any CPU
		{607293A6-D269-4941-9FD3-8604778E4EC8}.Release|x86.Deploy.0 = Release|Any CPU
	EndGlobalSection
	GlobalSection(SolutionProperties) = preSolution
		HideSolutionNode = FALSE
	EndGlobalSection
	GlobalSection(ExtensibilityGlobals) = postSolution
		SolutionGuid = {82E36AB6-3709-4AB3-852C-BFD9FB9B876F}
	EndGlobalSection
EndGlobal
